
Microsoft Visual Studio Solution File, Format Version 12.00
# Visual Studio Version 17
VisualStudioVersion = 17.11.35327.3
MinimumVisualStudioVersion = 10.0.40219.1
Project("{FAE04EC0-301F-11D3-BF4B-00C04F79EFBC}") = "gitlab-runner-cicd", "gitlab-runner-cicd\gitlab-runner-cicd.csproj", "{6185120B-3E3D-4352-B83A-4741C3CFE4D8}"
EndProject
Project("{E53339B2-1760-4266-BCC7-CA923CBCF16C}") = "docker-compose", "docker-compose.dcproj", "{66144D1E-54DF-414F-B152-1F7990C8F5FA}"
EndProject
Global
	GlobalSection(SolutionConfigurationPlatforms) = preSolution
		Debug|Any CPU = Debug|Any CPU
		Release|Any CPU = Release|Any CPU
	EndGlobalSection
	GlobalSection(ProjectConfigurationPlatforms) = postSolution
		{6185120B-3E3D-4352-B83A-4741C3CFE4D8}.Debug|Any CPU.ActiveCfg = Debug|Any CPU
		{6185120B-3E3D-4352-B83A-4741C3CFE4D8}.Debug|Any CPU.Build.0 = Debug|Any CPU
		{6185120B-3E3D-4352-B83A-4741C3CFE4D8}.Release|Any CPU.ActiveCfg = Release|Any CPU
		{6185120B-3E3D-4352-B83A-4741C3CFE4D8}.Release|Any CPU.Build.0 = Release|Any CPU
		{66144D1E-54DF-414F-B152-1F7990C8F5FA}.Debug|Any CPU.ActiveCfg = Debug|Any CPU
		{66144D1E-54DF-414F-B152-1F7990C8F5FA}.Debug|Any CPU.Build.0 = Debug|Any CPU
		{66144D1E-54DF-414F-B152-1F7990C8F5FA}.Release|Any CPU.ActiveCfg = Release|Any CPU
		{66144D1E-54DF-414F-B152-1F7990C8F5FA}.Release|Any CPU.Build.0 = Release|Any CPU
	EndGlobalSection
	GlobalSection(SolutionProperties) = preSolution
		HideSolutionNode = FALSE
	EndGlobalSection
	GlobalSection(ExtensibilityGlobals) = postSolution
		SolutionGuid = {6DFB571C-26FD-4C37-858E-4A6789750703}
	EndGlobalSection
EndGlobal
